
Microsoft Visual Studio Solution File, Format Version 12.00
# Visual Studio Version 16
VisualStudioVersion = 16.0.32106.194
MinimumVisualStudioVersion = 10.0.40219.1
Project("{9A19103F-16F7-4668-BE54-9A1E7A4F7556}") = "HGOBUC_HFT_2021222.Client", "HGOBUC_HFT_2021222.Client\HGOBUC_HFT_2021222.Client.csproj", "{E92FA405-D54C-4289-B843-81489F20B8E4}"
	ProjectSection(ProjectDependencies) = postProject
		{B893A6F6-02B5-4E3E-B4CE-01E7D7BD5871} = {B893A6F6-02B5-4E3E-B4CE-01E7D7BD5871}
	EndProjectSection
EndProject
Project("{9A19103F-16F7-4668-BE54-9A1E7A4F7556}") = "HGOBUC_HFT_2021222.Models", "HGOBUC_HFT_2021222.Models\HGOBUC_HFT_2021222.Models.csproj", "{A8C8FF1E-C0A7-43D2-9636-F0BA7B2B7733}"
EndProject
Project("{9A19103F-16F7-4668-BE54-9A1E7A4F7556}") = "HGOBUC_HFT_2021222.Logic", "HGOBUC_HFT_2021222.Logic\HGOBUC_HFT_2021222.Logic.csproj", "{E97C6E6A-6B34-4022-8E79-027DC7A689AD}"
EndProject
Project("{9A19103F-16F7-4668-BE54-9A1E7A4F7556}") = "HGOBUC_HFT_2021222.Repository", "HGOBUC_HFT_2021222.Repository\HGOBUC_HFT_2021222.Repository.csproj", "{B893A6F6-02B5-4E3E-B4CE-01E7D7BD5871}"
EndProject
Project("{9A19103F-16F7-4668-BE54-9A1E7A4F7556}") = "HGOBUC_HFT_2021222.Test", "HGOBUC_HFT_2021222.Test\HGOBUC_HFT_2021222.Test.csproj", "{93DE1375-8319-4EF5-A51B-93A93F44D704}"
EndProject
Project("{2150E333-8FDC-42A3-9474-1A3956D46DE8}") = "Backend", "Backend", "{C20F1A02-40B1-430F-A443-92EC8EB8ACA6}"
EndProject
Project("{2150E333-8FDC-42A3-9474-1A3956D46DE8}") = "Frontend", "Frontend", "{86A43241-4C75-4417-B138-0DE44AF3E435}"
EndProject
Project("{2150E333-8FDC-42A3-9474-1A3956D46DE8}") = "Shared", "Shared", "{F1CBBCCA-20BB-4590-8464-46508DDA2260}"
EndProject
Project("{2150E333-8FDC-42A3-9474-1A3956D46DE8}") = "Others", "Others", "{FFF60D52-850C-4154-AB8C-64968AB3100C}"
	ProjectSection(SolutionItems) = preProject
		.gitignore = .gitignore
	EndProjectSection
EndProject
Global
	GlobalSection(SolutionConfigurationPlatforms) = preSolution
		Debug|Any CPU = Debug|Any CPU
		Release|Any CPU = Release|Any CPU
	EndGlobalSection
	GlobalSection(ProjectConfigurationPlatforms) = postSolution
		{E92FA405-D54C-4289-B843-81489F20B8E4}.Debug|Any CPU.ActiveCfg = Debug|Any CPU
		{E92FA405-D54C-4289-B843-81489F20B8E4}.Debug|Any CPU.Build.0 = Debug|Any CPU
		{E92FA405-D54C-4289-B843-81489F20B8E4}.Release|Any CPU.ActiveCfg = Release|Any CPU
		{E92FA405-D54C-4289-B843-81489F20B8E4}.Release|Any CPU.Build.0 = Release|Any CPU
		{A8C8FF1E-C0A7-43D2-9636-F0BA7B2B7733}.Debug|Any CPU.ActiveCfg = Debug|Any CPU
		{A8C8FF1E-C0A7-43D2-9636-F0BA7B2B7733}.Debug|Any CPU.Build.0 = Debug|Any CPU
		{A8C8FF1E-C0A7-43D2-9636-F0BA7B2B7733}.Release|Any CPU.ActiveCfg = Release|Any CPU
		{A8C8FF1E-C0A7-43D2-9636-F0BA7B2B7733}.Release|Any CPU.Build.0 = Release|Any CPU
		{E97C6E6A-6B34-4022-8E79-027DC7A689AD}.Debug|Any CPU.ActiveCfg = Debug|Any CPU
		{E97C6E6A-6B34-4022-8E79-027DC7A689AD}.Debug|Any CPU.Build.0 = Debug|Any CPU
		{E97C6E6A-6B34-4022-8E79-027DC7A689AD}.Release|Any CPU.ActiveCfg = Release|Any CPU
		{E97C6E6A-6B34-4022-8E79-027DC7A689AD}.Release|Any CPU.Build.0 = Release|Any CPU
		{B893A6F6-02B5-4E3E-B4CE-01E7D7BD5871}.Debug|Any CPU.ActiveCfg = Debug|Any CPU
		{B893A6F6-02B5-4E3E-B4CE-01E7D7BD5871}.Debug|Any CPU.Build.0 = Debug|Any CPU
		{B893A6F6-02B5-4E3E-B4CE-01E7D7BD5871}.Release|Any CPU.ActiveCfg = Release|Any CPU
		{B893A6F6-02B5-4E3E-B4CE-01E7D7BD5871}.Release|Any CPU.Build.0 = Release|Any CPU
		{93DE1375-8319-4EF5-A51B-93A93F44D704}.Debug|Any CPU.ActiveCfg = Debug|Any CPU
		{93DE1375-8319-4EF5-A51B-93A93F44D704}.Debug|Any CPU.Build.0 = Debug|Any CPU
		{93DE1375-8319-4EF5-A51B-93A93F44D704}.Release|Any CPU.ActiveCfg = Release|Any CPU
		{93DE1375-8319-4EF5-A51B-93A93F44D704}.Release|Any CPU.Build.0 = Release|Any CPU
	EndGlobalSection
	GlobalSection(SolutionProperties) = preSolution
		HideSolutionNode = FALSE
	EndGlobalSection
	GlobalSection(NestedProjects) = preSolution
		{E92FA405-D54C-4289-B843-81489F20B8E4} = {86A43241-4C75-4417-B138-0DE44AF3E435}
		{A8C8FF1E-C0A7-43D2-9636-F0BA7B2B7733} = {F1CBBCCA-20BB-4590-8464-46508DDA2260}
		{E97C6E6A-6B34-4022-8E79-027DC7A689AD} = {C20F1A02-40B1-430F-A443-92EC8EB8ACA6}
		{B893A6F6-02B5-4E3E-B4CE-01E7D7BD5871} = {C20F1A02-40B1-430F-A443-92EC8EB8ACA6}
		{93DE1375-8319-4EF5-A51B-93A93F44D704} = {C20F1A02-40B1-430F-A443-92EC8EB8ACA6}
	EndGlobalSection
	GlobalSection(ExtensibilityGlobals) = postSolution
		SolutionGuid = {86331C59-B007-42A1-96EF-0E722F6DCB85}
	EndGlobalSection
EndGlobal
